// !$*UTF8*$!
{
	archiveVersion = 1;
	classes = {
	};
	objectVersion = 56;
	objects = {

/* Begin PBXBuildFile section */
		E87F64B32BA8207400B66D14 /* SlotMachineApp.swift in Sources */ = {isa = PBXBuildFile; fileRef = E87F64B22BA8207400B66D14 /* SlotMachineApp.swift */; };
		E87F64B52BA8207400B66D14 /* ContentView.swift in Sources */ = {isa = PBXBuildFile; fileRef = E87F64B42BA8207400B66D14 /* ContentView.swift */; };
		E87F64B72BA8207700B66D14 /* Assets.xcassets in Resources */ = {isa = PBXBuildFile; fileRef = E87F64B62BA8207700B66D14 /* Assets.xcassets */; };
		E87F64BA2BA8207700B66D14 /* Preview Assets.xcassets in Resources */ = {isa = PBXBuildFile; fileRef = E87F64B92BA8207700B66D14 /* Preview Assets.xcassets */; };
		E87F64C82BA8219900B66D14 /* spin.mp3 in Resources */ = {isa = PBXBuildFile; fileRef = E87F64C02BA8219700B66D14 /* spin.mp3 */; };
		E87F64C92BA8219900B66D14 /* win.mp3 in Resources */ = {isa = PBXBuildFile; fileRef = E87F64C12BA8219700B66D14 /* win.mp3 */; };
		E87F64CA2BA8219900B66D14 /* casino-chips.mp3 in Resources */ = {isa = PBXBuildFile; fileRef = E87F64C22BA8219800B66D14 /* casino-chips.mp3 */; };
		E87F64CB2BA8219900B66D14 /* chimeup.mp3 in Resources */ = {isa = PBXBuildFile; fileRef = E87F64C32BA8219800B66D14 /* chimeup.mp3 */; };
		E87F64CC2BA8219900B66D14 /* riseup.mp3 in Resources */ = {isa = PBXBuildFile; fileRef = E87F64C42BA8219800B66D14 /* riseup.mp3 */; };
		E87F64CD2BA8219900B66D14 /* background-music.mp3 in Resources */ = {isa = PBXBuildFile; fileRef = E87F64C52BA8219800B66D14 /* background-music.mp3 */; };
		E87F64CE2BA8219900B66D14 /* high-score.mp3 in Resources */ = {isa = PBXBuildFile; fileRef = E87F64C62BA8219800B66D14 /* high-score.mp3 */; };
		E87F64CF2BA8219900B66D14 /* game-over.mp3 in Resources */ = {isa = PBXBuildFile; fileRef = E87F64C72BA8219900B66D14 /* game-over.mp3 */; };
		E87F64D42BA821D200B66D14 /* Launch Screen.storyboard in Resources */ = {isa = PBXBuildFile; fileRef = E87F64D32BA821D200B66D14 /* Launch Screen.storyboard */; };
		E87F64D72BAC40D200B66D14 /* Slot Machine Stickers in Resources */ = {isa = PBXBuildFile; fileRef = E87F64D62BAC40D200B66D14 /* Slot Machine Stickers */; };
		E87F64DA2BAC432600B66D14 /* LogoView.swift in Sources */ = {isa = PBXBuildFile; fileRef = E87F64D92BAC432600B66D14 /* LogoView.swift */; };
		E87F64DC2BAC44D700B66D14 /* ReelView.swift in Sources */ = {isa = PBXBuildFile; fileRef = E87F64DB2BAC44D700B66D14 /* ReelView.swift */; };
		E87F64DE2BAC44EC00B66D14 /* InfoView.swift in Sources */ = {isa = PBXBuildFile; fileRef = E87F64DD2BAC44EC00B66D14 /* InfoView.swift */; };
		E87F64E02BAC456200B66D14 /* Modifiers.swift in Sources */ = {isa = PBXBuildFile; fileRef = E87F64DF2BAC456200B66D14 /* Modifiers.swift */; };
		E87F64E22BAC457900B66D14 /* Extensions.swift in Sources */ = {isa = PBXBuildFile; fileRef = E87F64E12BAC457900B66D14 /* Extensions.swift */; };
		E87F64E42BAC458F00B66D14 /* PlaySound.swift in Sources */ = {isa = PBXBuildFile; fileRef = E87F64E32BAC458F00B66D14 /* PlaySound.swift */; };
/* End PBXBuildFile section */

/* Begin PBXFileReference section */
		E87F64AF2BA8207400B66D14 /* SlotMachine.app */ = {isa = PBXFileReference; explicitFileType = wrapper.application; includeInIndex = 0; path = SlotMachine.app; sourceTree = BUILT_PRODUCTS_DIR; };
		E87F64B22BA8207400B66D14 /* SlotMachineApp.swift */ = {isa = PBXFileReference; lastKnownFileType = sourcecode.swift; path = SlotMachineApp.swift; sourceTree = "<group>"; };
		E87F64B42BA8207400B66D14 /* ContentView.swift */ = {isa = PBXFileReference; lastKnownFileType = sourcecode.swift; path = ContentView.swift; sourceTree = "<group>"; };
		E87F64B62BA8207700B66D14 /* Assets.xcassets */ = {isa = PBXFileReference; lastKnownFileType = folder.assetcatalog; path = Assets.xcassets; sourceTree = "<group>"; };
		E87F64B92BA8207700B66D14 /* Preview Assets.xcassets */ = {isa = PBXFileReference; lastKnownFileType = folder.assetcatalog; path = "Preview Assets.xcassets"; sourceTree = "<group>"; };
		E87F64C02BA8219700B66D14 /* spin.mp3 */ = {isa = PBXFileReference; lastKnownFileType = audio.mp3; path = spin.mp3; sourceTree = "<group>"; };
		E87F64C12BA8219700B66D14 /* win.mp3 */ = {isa = PBXFileReference; lastKnownFileType = audio.mp3; path = win.mp3; sourceTree = "<group>"; };
		E87F64C22BA8219800B66D14 /* casino-chips.mp3 */ = {isa = PBXFileReference; lastKnownFileType = audio.mp3; path = "casino-chips.mp3"; sourceTree = "<group>"; };
		E87F64C32BA8219800B66D14 /* chimeup.mp3 */ = {isa = PBXFileReference; lastKnownFileType = audio.mp3; path = chimeup.mp3; sourceTree = "<group>"; };
		E87F64C42BA8219800B66D14 /* riseup.mp3 */ = {isa = PBXFileReference; lastKnownFileType = audio.mp3; path = riseup.mp3; sourceTree = "<group>"; };
		E87F64C52BA8219800B66D14 /* background-music.mp3 */ = {isa = PBXFileReference; lastKnownFileType = audio.mp3; path = "background-music.mp3"; sourceTree = "<group>"; };
		E87F64C62BA8219800B66D14 /* high-score.mp3 */ = {isa = PBXFileReference; lastKnownFileType = audio.mp3; path = "high-score.mp3"; sourceTree = "<group>"; };
		E87F64C72BA8219900B66D14 /* game-over.mp3 */ = {isa = PBXFileReference; lastKnownFileType = audio.mp3; path = "game-over.mp3"; sourceTree = "<group>"; };
		E87F64D32BA821D200B66D14 /* Launch Screen.storyboard */ = {isa = PBXFileReference; lastKnownFileType = file.storyboard; path = "Launch Screen.storyboard"; sourceTree = "<group>"; };
		E87F64D52BA822EC00B66D14 /* Info.plist */ = {isa = PBXFileReference; lastKnownFileType = text.plist; path = Info.plist; sourceTree = "<group>"; };
		E87F64D62BAC40D200B66D14 /* Slot Machine Stickers */ = {isa = PBXFileReference; lastKnownFileType = folder; path = "Slot Machine Stickers"; sourceTree = "<group>"; };
		E87F64D82BAC410300B66D14 /* Slot Machine.entitlements */ = {isa = PBXFileReference; lastKnownFileType = text.plist.entitlements; path = "Slot Machine.entitlements"; sourceTree = "<group>"; };
		E87F64D92BAC432600B66D14 /* LogoView.swift */ = {isa = PBXFileReference; lastKnownFileType = sourcecode.swift; path = LogoView.swift; sourceTree = "<group>"; };
		E87F64DB2BAC44D700B66D14 /* ReelView.swift */ = {isa = PBXFileReference; lastKnownFileType = sourcecode.swift; path = ReelView.swift; sourceTree = "<group>"; };
		E87F64DD2BAC44EC00B66D14 /* InfoView.swift */ = {isa = PBXFileReference; lastKnownFileType = sourcecode.swift; path = InfoView.swift; sourceTree = "<group>"; };
		E87F64DF2BAC456200B66D14 /* Modifiers.swift */ = {isa = PBXFileReference; lastKnownFileType = sourcecode.swift; path = Modifiers.swift; sourceTree = "<group>"; };
		E87F64E12BAC457900B66D14 /* Extensions.swift */ = {isa = PBXFileReference; lastKnownFileType = sourcecode.swift; path = Extensions.swift; sourceTree = "<group>"; };
		E87F64E32BAC458F00B66D14 /* PlaySound.swift */ = {isa = PBXFileReference; lastKnownFileType = sourcecode.swift; path = PlaySound.swift; sourceTree = "<group>"; };
/* End PBXFileReference section */

/* Begin PBXFrameworksBuildPhase section */
		E87F64AC2BA8207400B66D14 /* Frameworks */ = {
			isa = PBXFrameworksBuildPhase;
			buildActionMask = 2147483647;
			files = (
			);
			runOnlyForDeploymentPostprocessing = 0;
		};
/* End PBXFrameworksBuildPhase section */

/* Begin PBXGroup section */
		E87F64A62BA8207400B66D14 = {
			isa = PBXGroup;
			children = (
				E87F64D62BAC40D200B66D14 /* Slot Machine Stickers */,
				E87F64B12BA8207400B66D14 /* SlotMachine */,
				E87F64B02BA8207400B66D14 /* Products */,
			);
			sourceTree = "<group>";
		};
		E87F64B02BA8207400B66D14 /* Products */ = {
			isa = PBXGroup;
			children = (
				E87F64AF2BA8207400B66D14 /* SlotMachine.app */,
			);
			name = Products;
			sourceTree = "<group>";
		};
		E87F64B12BA8207400B66D14 /* SlotMachine */ = {
			isa = PBXGroup;
			children = (
				E87F64D22BA821BB00B66D14 /* Helpers */,
				E87F64D82BAC410300B66D14 /* Slot Machine.entitlements */,
				E87F64D32BA821D200B66D14 /* Launch Screen.storyboard */,
				E87F64D52BA822EC00B66D14 /* Info.plist */,
				E87F64D02BA821A000B66D14 /* Sounds */,
				E87F64D12BA821AF00B66D14 /* View */,
				E87F64B62BA8207700B66D14 /* Assets.xcassets */,
				E87F64B82BA8207700B66D14 /* Preview Content */,
			);
			path = SlotMachine;
			sourceTree = "<group>";
		};
		E87F64B82BA8207700B66D14 /* Preview Content */ = {
			isa = PBXGroup;
			children = (
				E87F64B92BA8207700B66D14 /* Preview Assets.xcassets */,
			);
			path = "Preview Content";
			sourceTree = "<group>";
		};
		E87F64D02BA821A000B66D14 /* Sounds */ = {
			isa = PBXGroup;
			children = (
				E87F64C52BA8219800B66D14 /* background-music.mp3 */,
				E87F64C22BA8219800B66D14 /* casino-chips.mp3 */,
				E87F64C32BA8219800B66D14 /* chimeup.mp3 */,
				E87F64C72BA8219900B66D14 /* game-over.mp3 */,
				E87F64C62BA8219800B66D14 /* high-score.mp3 */,
				E87F64C42BA8219800B66D14 /* riseup.mp3 */,
				E87F64C02BA8219700B66D14 /* spin.mp3 */,
				E87F64C12BA8219700B66D14 /* win.mp3 */,
			);
			path = Sounds;
			sourceTree = "<group>";
		};
		E87F64D12BA821AF00B66D14 /* View */ = {
			isa = PBXGroup;
			children = (
				E87F64B22BA8207400B66D14 /* SlotMachineApp.swift */,
				E87F64B42BA8207400B66D14 /* ContentView.swift */,
				E87F64D92BAC432600B66D14 /* LogoView.swift */,
				E87F64DB2BAC44D700B66D14 /* ReelView.swift */,
				E87F64DD2BAC44EC00B66D14 /* InfoView.swift */,
			);
			path = View;
			sourceTree = "<group>";
		};
		E87F64D22BA821BB00B66D14 /* Helpers */ = {
			isa = PBXGroup;
			children = (
				E87F64DF2BAC456200B66D14 /* Modifiers.swift */,
				E87F64E12BAC457900B66D14 /* Extensions.swift */,
				E87F64E32BAC458F00B66D14 /* PlaySound.swift */,
			);
			path = Helpers;
			sourceTree = "<group>";
		};
/* End PBXGroup section */

/* Begin PBXNativeTarget section */
		E87F64AE2BA8207400B66D14 /* SlotMachine */ = {
			isa = PBXNativeTarget;
			buildConfigurationList = E87F64BD2BA8207700B66D14 /* Build configuration list for PBXNativeTarget "SlotMachine" */;
			buildPhases = (
				E87F64AB2BA8207400B66D14 /* Sources */,
				E87F64AC2BA8207400B66D14 /* Frameworks */,
				E87F64AD2BA8207400B66D14 /* Resources */,
			);
			buildRules = (
			);
			dependencies = (
			);
			name = SlotMachine;
			productName = SlotMachine;
			productReference = E87F64AF2BA8207400B66D14 /* SlotMachine.app */;
			productType = "com.apple.product-type.application";
		};
/* End PBXNativeTarget section */

/* Begin PBXProject section */
		E87F64A72BA8207400B66D14 /* Project object */ = {
			isa = PBXProject;
			attributes = {
				BuildIndependentTargetsInParallel = 1;
				LastSwiftUpdateCheck = 1420;
				LastUpgradeCheck = 1420;
				TargetAttributes = {
					E87F64AE2BA8207400B66D14 = {
						CreatedOnToolsVersion = 14.2;
					};
				};
			};
			buildConfigurationList = E87F64AA2BA8207400B66D14 /* Build configuration list for PBXProject "SlotMachine" */;
			compatibilityVersion = "Xcode 14.0";
			developmentRegion = en;
			hasScannedForEncodings = 0;
			knownRegions = (
				en,
				Base,
			);
			mainGroup = E87F64A62BA8207400B66D14;
			productRefGroup = E87F64B02BA8207400B66D14 /* Products */;
			projectDirPath = "";
			projectRoot = "";
			targets = (
				E87F64AE2BA8207400B66D14 /* SlotMachine */,
			);
		};
/* End PBXProject section */

/* Begin PBXResourcesBuildPhase section */
		E87F64AD2BA8207400B66D14 /* Resources */ = {
			isa = PBXResourcesBuildPhase;
			buildActionMask = 2147483647;
			files = (
				E87F64CD2BA8219900B66D14 /* background-music.mp3 in Resources */,
				E87F64CB2BA8219900B66D14 /* chimeup.mp3 in Resources */,
				E87F64BA2BA8207700B66D14 /* Preview Assets.xcassets in Resources */,
				E87F64CC2BA8219900B66D14 /* riseup.mp3 in Resources */,
				E87F64B72BA8207700B66D14 /* Assets.xcassets in Resources */,
				E87F64C82BA8219900B66D14 /* spin.mp3 in Resources */,
				E87F64D42BA821D200B66D14 /* Launch Screen.storyboard in Resources */,
				E87F64CF2BA8219900B66D14 /* game-over.mp3 in Resources */,
				E87F64D72BAC40D200B66D14 /* Slot Machine Stickers in Resources */,
				E87F64C92BA8219900B66D14 /* win.mp3 in Resources */,
				E87F64CA2BA8219900B66D14 /* casino-chips.mp3 in Resources */,
				E87F64CE2BA8219900B66D14 /* high-score.mp3 in Resources */,
			);
			runOnlyForDeploymentPostprocessing = 0;
		};
/* End PBXResourcesBuildPhase section */

/* Begin PBXSourcesBuildPhase section */
		E87F64AB2BA8207400B66D14 /* Sources */ = {
			isa = PBXSourcesBuildPhase;
			buildActionMask = 2147483647;
			files = (
				E87F64DC2BAC44D700B66D14 /* ReelView.swift in Sources */,
				E87F64E42BAC458F00B66D14 /* PlaySound.swift in Sources */,
				E87F64B52BA8207400B66D14 /* ContentView.swift in Sources */,
				E87F64DA2BAC432600B66D14 /* LogoView.swift in Sources */,
				E87F64DE2BAC44EC00B66D14 /* InfoView.swift in Sources */,
				E87F64E02BAC456200B66D14 /* Modifiers.swift in Sources */,
				E87F64B32BA8207400B66D14 /* SlotMachineApp.swift in Sources */,
				E87F64E22BAC457900B66D14 /* Extensions.swift in Sources */,
			);
			runOnlyForDeploymentPostprocessing = 0;
		};
/* End PBXSourcesBuildPhase section */

/* Begin XCBuildConfiguration section */
		E87F64BB2BA8207700B66D14 /* Debug */ = {
			isa = XCBuildConfiguration;
			buildSettings = {
				ALWAYS_SEARCH_USER_PATHS = NO;
				CLANG_ANALYZER_NONNULL = YES;
				CLANG_ANALYZER_NUMBER_OBJECT_CONVERSION = YES_AGGRESSIVE;
				CLANG_CXX_LANGUAGE_STANDARD = "gnu++20";
				CLANG_ENABLE_MODULES = YES;
				CLANG_ENABLE_OBJC_ARC = YES;
				CLANG_ENABLE_OBJC_WEAK = YES;
				CLANG_WARN_BLOCK_CAPTURE_AUTORELEASING = YES;
				CLANG_WARN_BOOL_CONVERSION = YES;
				CLANG_WARN_COMMA = YES;
				CLANG_WARN_CONSTANT_CONVERSION = YES;
				CLANG_WARN_DEPRECATED_OBJC_IMPLEMENTATIONS = YES;
				CLANG_WARN_DIRECT_OBJC_ISA_USAGE = YES_ERROR;
				CLANG_WARN_DOCUMENTATION_COMMENTS = YES;
				CLANG_WARN_EMPTY_BODY = YES;
				CLANG_WARN_ENUM_CONVERSION = YES;
				CLANG_WARN_INFINITE_RECURSION = YES;
				CLANG_WARN_INT_CONVERSION = YES;
				CLANG_WARN_NON_LITERAL_NULL_CONVERSION = YES;
				CLANG_WARN_OBJC_IMPLICIT_RETAIN_SELF = YES;
				CLANG_WARN_OBJC_LITERAL_CONVERSION = YES;
				CLANG_WARN_OBJC_ROOT_CLASS = YES_ERROR;
				CLANG_WARN_QUOTED_INCLUDE_IN_FRAMEWORK_HEADER = YES;
				CLANG_WARN_RANGE_LOOP_ANALYSIS = YES;
				CLANG_WARN_STRICT_PROTOTYPES = YES;
				CLANG_WARN_SUSPICIOUS_MOVE = YES;
				CLANG_WARN_UNGUARDED_AVAILABILITY = YES_AGGRESSIVE;
				CLANG_WARN_UNREACHABLE_CODE = YES;
				CLANG_WARN__DUPLICATE_METHOD_MATCH = YES;
				COPY_PHASE_STRIP = NO;
				DEBUG_INFORMATION_FORMAT = dwarf;
				ENABLE_STRICT_OBJC_MSGSEND = YES;
				ENABLE_TESTABILITY = YES;
				GCC_C_LANGUAGE_STANDARD = gnu11;
				GCC_DYNAMIC_NO_PIC = NO;
				GCC_NO_COMMON_BLOCKS = YES;
				GCC_OPTIMIZATION_LEVEL = 0;
				GCC_PREPROCESSOR_DEFINITIONS = (
					"DEBUG=1",
					"$(inherited)",
				);
				GCC_WARN_64_TO_32_BIT_CONVERSION = YES;
				GCC_WARN_ABOUT_RETURN_TYPE = YES_ERROR;
				GCC_WARN_UNDECLARED_SELECTOR = YES;
				GCC_WARN_UNINITIALIZED_AUTOS = YES_AGGRESSIVE;
				GCC_WARN_UNUSED_FUNCTION = YES;
				GCC_WARN_UNUSED_VARIABLE = YES;
				IPHONEOS_DEPLOYMENT_TARGET = 16.2;
				MTL_ENABLE_DEBUG_INFO = INCLUDE_SOURCE;
				MTL_FAST_MATH = YES;
				ONLY_ACTIVE_ARCH = YES;
				SDKROOT = iphoneos;
				SWIFT_ACTIVE_COMPILATION_CONDITIONS = DEBUG;
				SWIFT_OPTIMIZATION_LEVEL = "-Onone";
			};
			name = Debug;
		};
		E87F64BC2BA8207700B66D14 /* Release */ = {
			isa = XCBuildConfiguration;
			buildSettings = {
				ALWAYS_SEARCH_USER_PATHS = NO;
				CLANG_ANALYZER_NONNULL = YES;
				CLANG_ANALYZER_NUMBER_OBJECT_CONVERSION = YES_AGGRESSIVE;
				CLANG_CXX_LANGUAGE_STANDARD = "gnu++20";
				CLANG_ENABLE_MODULES = YES;
				CLANG_ENABLE_OBJC_ARC = YES;
				CLANG_ENABLE_OBJC_WEAK = YES;
				CLANG_WARN_BLOCK_CAPTURE_AUTORELEASING = YES;
				CLANG_WARN_BOOL_CONVERSION = YES;
				CLANG_WARN_COMMA = YES;
				CLANG_WARN_CONSTANT_CONVERSION = YES;
				CLANG_WARN_DEPRECATED_OBJC_IMPLEMENTATIONS = YES;
				CLANG_WARN_DIRECT_OBJC_ISA_USAGE = YES_ERROR;
				CLANG_WARN_DOCUMENTATION_COMMENTS = YES;
				CLANG_WARN_EMPTY_BODY = YES;
				CLANG_WARN_ENUM_CONVERSION = YES;
				CLANG_WARN_INFINITE_RECURSION = YES;
				CLANG_WARN_INT_CONVERSION = YES;
				CLANG_WARN_NON_LITERAL_NULL_CONVERSION = YES;
				CLANG_WARN_OBJC_IMPLICIT_RETAIN_SELF = YES;
				CLANG_WARN_OBJC_LITERAL_CONVERSION = YES;
				CLANG_WARN_OBJC_ROOT_CLASS = YES_ERROR;
				CLANG_WARN_QUOTED_INCLUDE_IN_FRAMEWORK_HEADER = YES;
				CLANG_WARN_RANGE_LOOP_ANALYSIS = YES;
				CLANG_WARN_STRICT_PROTOTYPES = YES;
				CLANG_WARN_SUSPICIOUS_MOVE = YES;
				CLANG_WARN_UNGUARDED_AVAILABILITY = YES_AGGRESSIVE;
				CLANG_WARN_UNREACHABLE_CODE = YES;
				CLANG_WARN__DUPLICATE_METHOD_MATCH = YES;
				COPY_PHASE_STRIP = NO;
				DEBUG_INFORMATION_FORMAT = "dwarf-with-dsym";
				ENABLE_NS_ASSERTIONS = NO;
				ENABLE_STRICT_OBJC_MSGSEND = YES;
				GCC_C_LANGUAGE_STANDARD = gnu11;
				GCC_NO_COMMON_BLOCKS = YES;
				GCC_WARN_64_TO_32_BIT_CONVERSION = YES;
				GCC_WARN_ABOUT_RETURN_TYPE = YES_ERROR;
				GCC_WARN_UNDECLARED_SELECTOR = YES;
				GCC_WARN_UNINITIALIZED_AUTOS = YES_AGGRESSIVE;
				GCC_WARN_UNUSED_FUNCTION = YES;
				GCC_WARN_UNUSED_VARIABLE = YES;
				IPHONEOS_DEPLOYMENT_TARGET = 16.2;
				MTL_ENABLE_DEBUG_INFO = NO;
				MTL_FAST_MATH = YES;
				SDKROOT = iphoneos;
				SWIFT_COMPILATION_MODE = wholemodule;
				SWIFT_OPTIMIZATION_LEVEL = "-O";
				VALIDATE_PRODUCT = YES;
			};
			name = Release;
		};
		E87F64BE2BA8207700B66D14 /* Debug */ = {
			isa = XCBuildConfiguration;
			buildSettings = {
				ASSETCATALOG_COMPILER_APPICON_NAME = AppIcon;
				ASSETCATALOG_COMPILER_GLOBAL_ACCENT_COLOR_NAME = AccentColor;
				CODE_SIGN_STYLE = Automatic;
				CURRENT_PROJECT_VERSION = 1;
				DEVELOPMENT_ASSET_PATHS = "\"SlotMachine/Preview Content\"";
				DEVELOPMENT_TEAM = 52YSN62MCL;
				ENABLE_PREVIEWS = YES;
				GENERATE_INFOPLIST_FILE = YES;
				INFOPLIST_FILE = SlotMachine/Info.plist;
				INFOPLIST_KEY_UIApplicationSupportsIndirectInputEvents = YES;
				INFOPLIST_KEY_UILaunchScreen_Generation = YES;
				INFOPLIST_KEY_UILaunchStoryboardName = "Launch Screen.storyboard";
				INFOPLIST_KEY_UISupportedInterfaceOrientations = UIInterfaceOrientationPortrait;
				INFOPLIST_KEY_UISupportedInterfaceOrientations_iPad = "UIInterfaceOrientationLandscapeLeft UIInterfaceOrientationLandscapeRight UIInterfaceOrientationPortrait UIInterfaceOrientationPortraitUpsideDown";
				LD_RUNPATH_SEARCH_PATHS = (
					"$(inherited)",
					"@executable_path/Frameworks",
				);
				MARKETING_VERSION = 1.0;
				PRODUCT_BUNDLE_IDENTIFIER = com.GGDol.SlotMachine;
				PRODUCT_NAME = "$(TARGET_NAME)";
				SWIFT_EMIT_LOC_STRINGS = YES;
				SWIFT_VERSION = 5.0;
				TARGETED_DEVICE_FAMILY = "1,2";
			};
			name = Debug;
		};
		E87F64BF2BA8207700B66D14 /* Release */ = {
			isa = XCBuildConfiguration;
			buildSettings = {
				ASSETCATALOG_COMPILER_APPICON_NAME = AppIcon;
				ASSETCATALOG_COMPILER_GLOBAL_ACCENT_COLOR_NAME = AccentColor;
				CODE_SIGN_STYLE = Automatic;
				CURRENT_PROJECT_VERSION = 1;
				DEVELOPMENT_ASSET_PATHS = "\"SlotMachine/Preview Content\"";
				DEVELOPMENT_TEAM = 52YSN62MCL;
				ENABLE_PREVIEWS = YES;
				GENERATE_INFOPLIST_FILE = YES;
				INFOPLIST_FILE = SlotMachine/Info.plist;
				INFOPLIST_KEY_UIApplicationSupportsIndirectInputEvents = YES;
				INFOPLIST_KEY_UILaunchScreen_Generation = YES;
				INFOPLIST_KEY_UILaunchStoryboardName = "Launch Screen.storyboard";
				INFOPLIST_KEY_UISupportedInterfaceOrientations = UIInterfaceOrientationPortrait;
				INFOPLIST_KEY_UISupportedInterfaceOrientations_iPad = "UIInterfaceOrientationLandscapeLeft UIInterfaceOrientationLandscapeRight UIInterfaceOrientationPortrait UIInterfaceOrientationPortraitUpsideDown";
				LD_RUNPATH_SEARCH_PATHS = (
					"$(inherited)",
					"@executable_path/Frameworks",
				);
				MARKETING_VERSION = 1.0;
				PRODUCT_BUNDLE_IDENTIFIER = com.GGDol.SlotMachine;
				PRODUCT_NAME = "$(TARGET_NAME)";
				SWIFT_EMIT_LOC_STRINGS = YES;
				SWIFT_VERSION = 5.0;
				TARGETED_DEVICE_FAMILY = "1,2";
			};
			name = Release;
		};
/* End XCBuildConfiguration section */

/* Begin XCConfigurationList section */
		E87F64AA2BA8207400B66D14 /* Build configuration list for PBXProject "SlotMachine" */ = {
			isa = XCConfigurationList;
			buildConfigurations = (
				E87F64BB2BA8207700B66D14 /* Debug */,
				E87F64BC2BA8207700B66D14 /* Release */,
			);
			defaultConfigurationIsVisible = 0;
			defaultConfigurationName = Release;
		};
		E87F64BD2BA8207700B66D14 /* Build configuration list for PBXNativeTarget "SlotMachine" */ = {
			isa = XCConfigurationList;
			buildConfigurations = (
				E87F64BE2BA8207700B66D14 /* Debug */,
				E87F64BF2BA8207700B66D14 /* Release */,
			);
			defaultConfigurationIsVisible = 0;
			defaultConfigurationName = Release;
		};
/* End XCConfigurationList section */
	};
	rootObject = E87F64A72BA8207400B66D14 /* Project object */;
}
